
Microsoft Visual Studio Solution File, Format Version 12.00
# Visual Studio Version 17
VisualStudioVersion = 17.6.33829.357
MinimumVisualStudioVersion = 10.0.40219.1
Project("{FAE04EC0-301F-11D3-BF4B-00C04F79EFBC}") = "electronicsApp", "electronicsApp.csproj", "{04B860C3-FFED-4188-A66D-302DF49D4C39}"
EndProject
Global
	GlobalSection(SolutionConfigurationPlatforms) = preSolution
		Debug|Any CPU = Debug|Any CPU
		Release|Any CPU = Release|Any CPU
	EndGlobalSection
	GlobalSection(ProjectConfigurationPlatforms) = postSolution
		{04B860C3-FFED-4188-A66D-302DF49D4C39}.Debug|Any CPU.ActiveCfg = Debug|Any CPU
		{04B860C3-FFED-4188-A66D-302DF49D4C39}.Debug|Any CPU.Build.0 = Debug|Any CPU
		{04B860C3-FFED-4188-A66D-302DF49D4C39}.Release|Any CPU.ActiveCfg = Release|Any CPU
		{04B860C3-FFED-4188-A66D-302DF49D4C39}.Release|Any CPU.Build.0 = Release|Any CPU
	EndGlobalSection
	GlobalSection(SolutionProperties) = preSolution
		HideSolutionNode = FALSE
	EndGlobalSection
	GlobalSection(ExtensibilityGlobals) = postSolution
		SolutionGuid = {1CFDF8E6-1ED5-4C58-85E2-C90D607FA184}
	EndGlobalSection
EndGlobal
